
Microsoft Visual Studio Solution File, Format Version 12.00
# Visual Studio Version 17
VisualStudioVersion = 17.2.32526.322
MinimumVisualStudioVersion = 10.0.40219.1
Project("{FAE04EC0-301F-11D3-BF4B-00C04F79EFBC}") = "ManyToManyEF", "ManyToManyEF\ManyToManyEF.csproj", "{09A4B0AB-8E2E-4612-AA2D-78DB16A31493}"
EndProject
Global
	GlobalSection(SolutionConfigurationPlatforms) = preSolution
		Debug|Any CPU = Debug|Any CPU
		Release|Any CPU = Release|Any CPU
	EndGlobalSection
	GlobalSection(ProjectConfigurationPlatforms) = postSolution
		{09A4B0AB-8E2E-4612-AA2D-78DB16A31493}.Debug|Any CPU.ActiveCfg = Debug|Any CPU
		{09A4B0AB-8E2E-4612-AA2D-78DB16A31493}.Debug|Any CPU.Build.0 = Debug|Any CPU
		{09A4B0AB-8E2E-4612-AA2D-78DB16A31493}.Release|Any CPU.ActiveCfg = Release|Any CPU
		{09A4B0AB-8E2E-4612-AA2D-78DB16A31493}.Release|Any CPU.Build.0 = Release|Any CPU
	EndGlobalSection
	GlobalSection(SolutionProperties) = preSolution
		HideSolutionNode = FALSE
	EndGlobalSection
	GlobalSection(ExtensibilityGlobals) = postSolution
		SolutionGuid = {E320681F-C669-4C98-A600-D04DF2A0ADD3}
	EndGlobalSection
EndGlobal
